{
  "version": "3",
  "packages": {
    "specifiers": {
      "npm:clsx@2.1.0": "npm:clsx@2.1.0",
      "npm:lucide-preact@0.323.0": "npm:lucide-preact@0.323.0_preact@10.19.3",
      "npm:nanoid@5.0.5": "npm:nanoid@5.0.5",
      "npm:postgres@3.4.3": "npm:postgres@3.4.3",
      "npm:preact-render-to-string@6.3.1": "npm:preact-render-to-string@6.3.1_preact@10.19.3",
      "npm:preact@10.19.3": "npm:preact@10.19.3",
      "npm:zod@3.22.4": "npm:zod@3.22.4"
    },
    "npm": {
      "clsx@2.1.0": {
        "integrity": "sha512-m3iNNWpd9rl3jvvcBnu70ylMdrXt8Vlq4HYadnU5fwcOtvkSQWPmj7amUcDT2qYI7risszBjI5AUIUox9D16pg==",
        "dependencies": {}
      },
      "lucide-preact@0.323.0_preact@10.19.3": {
        "integrity": "sha512-lUEMMklqiecm797qxU+vCjzuT7AswnmOPbiGb8O8/GKCRYbzNws0sgTw9P6EiRr7LQ6RSHY9Up/rdjeG5nzZ/w==",
        "dependencies": {
          "preact": "preact@10.19.3"
        }
      },
      "nanoid@5.0.5": {
        "integrity": "sha512-/Veqm+QKsyMY3kqi4faWplnY1u+VuKO3dD2binyPIybP31DRO29bPF+1mszgLnrR2KqSLceFLBNw0zmvDzN1QQ==",
        "dependencies": {}
      },
      "postgres@3.4.3": {
        "integrity": "sha512-iHJn4+M9vbTdHSdDzNkC0crHq+1CUdFhx+YqCE+SqWxPjm+Zu63jq7yZborOBF64c8pc58O5uMudyL1FQcHacA==",
        "dependencies": {}
      },
      "preact-render-to-string@6.3.1_preact@10.19.3": {
        "integrity": "sha512-NQ28WrjLtWY6lKDlTxnFpKHZdpjfF+oE6V4tZ0rTrunHrtZp6Dm0oFrcJalt/5PNeqJz4j1DuZDS0Y6rCBoqDA==",
        "dependencies": {
          "preact": "preact@10.19.3",
          "pretty-format": "pretty-format@3.8.0"
        }
      },
      "preact@10.19.3": {
        "integrity": "sha512-nHHTeFVBTHRGxJXKkKu5hT8C/YWBkPso4/Gad6xuj5dbptt9iF9NZr9pHbPhBrnT2klheu7mHTxTZ/LjwJiEiQ==",
        "dependencies": {}
      },
      "pretty-format@3.8.0": {
        "integrity": "sha512-WuxUnVtlWL1OfZFQFuqvnvs6MiAGk9UNsBostyBOB0Is9wb5uRESevA6rnl/rkksXaGX3GzZhPup5d6Vp1nFew==",
        "dependencies": {}
      },
      "zod@3.22.4": {
        "integrity": "sha512-iC+8Io04lddc+mVqQ9AZ7OQ2MrUKGN+oIQyq1vemgt46jwCwLfhq7/pwnBnNXXXZb8VTVLKwp9EDkx+ryxIWmg==",
        "dependencies": {}
      }
    }
  },
  "remote": {}
}
